// !$*UTF8*$!
{
	archiveVersion = 1;
	classes = {
	};
	objectVersion = 50;
	objects = {

/* Begin PBXBuildFile section */
		250673A6241D84D7004F622D /* AppDelegate.swift in Sources */ = {isa = PBXBuildFile; fileRef = 250673A5241D84D7004F622D /* AppDelegate.swift */; };
		250673A8241D84D7004F622D /* SceneDelegate.swift in Sources */ = {isa = PBXBuildFile; fileRef = 250673A7241D84D7004F622D /* SceneDelegate.swift */; };
		250673AA241D84D7004F622D /* ClassesViewController.swift in Sources */ = {isa = PBXBuildFile; fileRef = 250673A9241D84D7004F622D /* ClassesViewController.swift */; };
		250673AF241D84D9004F622D /* Assets.xcassets in Resources */ = {isa = PBXBuildFile; fileRef = 250673AE241D84D9004F622D /* Assets.xcassets */; };
		250673B2241D84D9004F622D /* LaunchScreen.storyboard in Resources */ = {isa = PBXBuildFile; fileRef = 250673B0241D84D9004F622D /* LaunchScreen.storyboard */; };
		250673BA241D8805004F622D /* Person.swift in Sources */ = {isa = PBXBuildFile; fileRef = 250673B9241D8805004F622D /* Person.swift */; };
		250673BC241D8870004F622D /* SchoolClass.swift in Sources */ = {isa = PBXBuildFile; fileRef = 250673BB241D8870004F622D /* SchoolClass.swift */; };
		250673BF241D8A9D004F622D /* Subject.swift in Sources */ = {isa = PBXBuildFile; fileRef = 250673BE241D8A9D004F622D /* Subject.swift */; };
		2593F8CB241D8CA60077914C /* ClassesViewModel.swift in Sources */ = {isa = PBXBuildFile; fileRef = 2593F8CA241D8CA60077914C /* ClassesViewModel.swift */; };
		2593F8CD241D94050077914C /* ClassTableViewCell.swift in Sources */ = {isa = PBXBuildFile; fileRef = 2593F8CC241D94050077914C /* ClassTableViewCell.swift */; };
		2593F8CF241DC65B0077914C /* ClassViewModel.swift in Sources */ = {isa = PBXBuildFile; fileRef = 2593F8CE241DC65B0077914C /* ClassViewModel.swift */; };
		2593F8D1241DC8D10077914C /* ClassViewController.swift in Sources */ = {isa = PBXBuildFile; fileRef = 2593F8D0241DC8D10077914C /* ClassViewController.swift */; };
		2593F8D3241DCA290077914C /* StudentTableViewCell.swift in Sources */ = {isa = PBXBuildFile; fileRef = 2593F8D2241DCA290077914C /* StudentTableViewCell.swift */; };
		2593F8D5241DCA520077914C /* PersonViewModel.swift in Sources */ = {isa = PBXBuildFile; fileRef = 2593F8D4241DCA520077914C /* PersonViewModel.swift */; };
		2593F8D7241DDE440077914C /* Repository.swift in Sources */ = {isa = PBXBuildFile; fileRef = 2593F8D6241DDE440077914C /* Repository.swift */; };
		2593F8DA241DE8FC0077914C /* ClassRepository.swift in Sources */ = {isa = PBXBuildFile; fileRef = 2593F8D9241DE8FC0077914C /* ClassRepository.swift */; };
		2593F8DC241DE9A00077914C /* PeopleRepository.swift in Sources */ = {isa = PBXBuildFile; fileRef = 2593F8DB241DE9A00077914C /* PeopleRepository.swift */; };
		2593F8DE241DEAE10077914C /* ClassFetching.swift in Sources */ = {isa = PBXBuildFile; fileRef = 2593F8DD241DEAE10077914C /* ClassFetching.swift */; };
		2593F8E0241DEAFA0077914C /* ClassUpdating.swift in Sources */ = {isa = PBXBuildFile; fileRef = 2593F8DF241DEAFA0077914C /* ClassUpdating.swift */; };
		2593F8E2241DEB0B0077914C /* PeopleFetching.swift in Sources */ = {isa = PBXBuildFile; fileRef = 2593F8E1241DEB0B0077914C /* PeopleFetching.swift */; };
		2593F8E4241DEB1A0077914C /* PeopleUpdating.swift in Sources */ = {isa = PBXBuildFile; fileRef = 2593F8E3241DEB1A0077914C /* PeopleUpdating.swift */; };
		2593F8E7241DEB940077914C /* EditClassViewModel.swift in Sources */ = {isa = PBXBuildFile; fileRef = 2593F8E6241DEB940077914C /* EditClassViewModel.swift */; };
		2593F8E9241DEF110077914C /* EditClassViewController.swift in Sources */ = {isa = PBXBuildFile; fileRef = 2593F8E8241DEF110077914C /* EditClassViewController.swift */; };
		2593F8EB241EA7330077914C /* ViewModelFactory.swift in Sources */ = {isa = PBXBuildFile; fileRef = 2593F8EA241EA7330077914C /* ViewModelFactory.swift */; };
/* End PBXBuildFile section */

/* Begin PBXFileReference section */
		250673A2241D84D7004F622D /* ExampleClassApp.app */ = {isa = PBXFileReference; explicitFileType = wrapper.application; includeInIndex = 0; path = ExampleClassApp.app; sourceTree = BUILT_PRODUCTS_DIR; };
		250673A5241D84D7004F622D /* AppDelegate.swift */ = {isa = PBXFileReference; lastKnownFileType = sourcecode.swift; path = AppDelegate.swift; sourceTree = "<group>"; };
		250673A7241D84D7004F622D /* SceneDelegate.swift */ = {isa = PBXFileReference; lastKnownFileType = sourcecode.swift; path = SceneDelegate.swift; sourceTree = "<group>"; };
		250673A9241D84D7004F622D /* ClassesViewController.swift */ = {isa = PBXFileReference; lastKnownFileType = sourcecode.swift; path = ClassesViewController.swift; sourceTree = "<group>"; };
		250673AE241D84D9004F622D /* Assets.xcassets */ = {isa = PBXFileReference; lastKnownFileType = folder.assetcatalog; path = Assets.xcassets; sourceTree = "<group>"; };
		250673B1241D84D9004F622D /* Base */ = {isa = PBXFileReference; lastKnownFileType = file.storyboard; name = Base; path = Base.lproj/LaunchScreen.storyboard; sourceTree = "<group>"; };
		250673B3241D84D9004F622D /* Info.plist */ = {isa = PBXFileReference; lastKnownFileType = text.plist.xml; path = Info.plist; sourceTree = "<group>"; };
		250673B9241D8805004F622D /* Person.swift */ = {isa = PBXFileReference; lastKnownFileType = sourcecode.swift; path = Person.swift; sourceTree = "<group>"; };
		250673BB241D8870004F622D /* SchoolClass.swift */ = {isa = PBXFileReference; lastKnownFileType = sourcecode.swift; path = SchoolClass.swift; sourceTree = "<group>"; };
		250673BE241D8A9D004F622D /* Subject.swift */ = {isa = PBXFileReference; lastKnownFileType = sourcecode.swift; path = Subject.swift; sourceTree = "<group>"; };
		2593F8CA241D8CA60077914C /* ClassesViewModel.swift */ = {isa = PBXFileReference; lastKnownFileType = sourcecode.swift; path = ClassesViewModel.swift; sourceTree = "<group>"; };
		2593F8CC241D94050077914C /* ClassTableViewCell.swift */ = {isa = PBXFileReference; lastKnownFileType = sourcecode.swift; path = ClassTableViewCell.swift; sourceTree = "<group>"; };
		2593F8CE241DC65B0077914C /* ClassViewModel.swift */ = {isa = PBXFileReference; lastKnownFileType = sourcecode.swift; path = ClassViewModel.swift; sourceTree = "<group>"; };
		2593F8D0241DC8D10077914C /* ClassViewController.swift */ = {isa = PBXFileReference; lastKnownFileType = sourcecode.swift; path = ClassViewController.swift; sourceTree = "<group>"; };
		2593F8D2241DCA290077914C /* StudentTableViewCell.swift */ = {isa = PBXFileReference; lastKnownFileType = sourcecode.swift; path = StudentTableViewCell.swift; sourceTree = "<group>"; };
		2593F8D4241DCA520077914C /* PersonViewModel.swift */ = {isa = PBXFileReference; lastKnownFileType = sourcecode.swift; path = PersonViewModel.swift; sourceTree = "<group>"; };
		2593F8D6241DDE440077914C /* Repository.swift */ = {isa = PBXFileReference; lastKnownFileType = sourcecode.swift; path = Repository.swift; sourceTree = "<group>"; };
		2593F8D9241DE8FC0077914C /* ClassRepository.swift */ = {isa = PBXFileReference; lastKnownFileType = sourcecode.swift; path = ClassRepository.swift; sourceTree = "<group>"; };
		2593F8DB241DE9A00077914C /* PeopleRepository.swift */ = {isa = PBXFileReference; lastKnownFileType = sourcecode.swift; path = PeopleRepository.swift; sourceTree = "<group>"; };
		2593F8DD241DEAE10077914C /* ClassFetching.swift */ = {isa = PBXFileReference; lastKnownFileType = sourcecode.swift; path = ClassFetching.swift; sourceTree = "<group>"; };
		2593F8DF241DEAFA0077914C /* ClassUpdating.swift */ = {isa = PBXFileReference; lastKnownFileType = sourcecode.swift; path = ClassUpdating.swift; sourceTree = "<group>"; };
		2593F8E1241DEB0B0077914C /* PeopleFetching.swift */ = {isa = PBXFileReference; lastKnownFileType = sourcecode.swift; path = PeopleFetching.swift; sourceTree = "<group>"; };
		2593F8E3241DEB1A0077914C /* PeopleUpdating.swift */ = {isa = PBXFileReference; lastKnownFileType = sourcecode.swift; path = PeopleUpdating.swift; sourceTree = "<group>"; };
		2593F8E6241DEB940077914C /* EditClassViewModel.swift */ = {isa = PBXFileReference; lastKnownFileType = sourcecode.swift; path = EditClassViewModel.swift; sourceTree = "<group>"; };
		2593F8E8241DEF110077914C /* EditClassViewController.swift */ = {isa = PBXFileReference; lastKnownFileType = sourcecode.swift; path = EditClassViewController.swift; sourceTree = "<group>"; };
		2593F8EA241EA7330077914C /* ViewModelFactory.swift */ = {isa = PBXFileReference; lastKnownFileType = sourcecode.swift; path = ViewModelFactory.swift; sourceTree = "<group>"; };
/* End PBXFileReference section */

/* Begin PBXFrameworksBuildPhase section */
		2506739F241D84D7004F622D /* Frameworks */ = {
			isa = PBXFrameworksBuildPhase;
			buildActionMask = 2147483647;
			files = (
			);
			runOnlyForDeploymentPostprocessing = 0;
		};
/* End PBXFrameworksBuildPhase section */

/* Begin PBXGroup section */
		25067399241D84D7004F622D = {
			isa = PBXGroup;
			children = (
				250673A4241D84D7004F622D /* ExampleClassApp */,
				250673A3241D84D7004F622D /* Products */,
			);
			sourceTree = "<group>";
		};
		250673A3241D84D7004F622D /* Products */ = {
			isa = PBXGroup;
			children = (
				250673A2241D84D7004F622D /* ExampleClassApp.app */,
			);
			name = Products;
			sourceTree = "<group>";
		};
		250673A4241D84D7004F622D /* ExampleClassApp */ = {
			isa = PBXGroup;
			children = (
				250673A5241D84D7004F622D /* AppDelegate.swift */,
				250673A7241D84D7004F622D /* SceneDelegate.swift */,
				250673A9241D84D7004F622D /* ClassesViewController.swift */,
				2593F8E6241DEB940077914C /* EditClassViewModel.swift */,
				2593F8E8241DEF110077914C /* EditClassViewController.swift */,
				2593F8CC241D94050077914C /* ClassTableViewCell.swift */,
				2593F8CA241D8CA60077914C /* ClassesViewModel.swift */,
				2593F8CE241DC65B0077914C /* ClassViewModel.swift */,
				2593F8D0241DC8D10077914C /* ClassViewController.swift */,
				2593F8D2241DCA290077914C /* StudentTableViewCell.swift */,
				2593F8D4241DCA520077914C /* PersonViewModel.swift */,
				2593F8EA241EA7330077914C /* ViewModelFactory.swift */,
				2593F8D8241DE28A0077914C /* Repository Layer */,
				250673BD241D89EE004F622D /* Model */,
				250673AE241D84D9004F622D /* Assets.xcassets */,
				250673B0241D84D9004F622D /* LaunchScreen.storyboard */,
				250673B3241D84D9004F622D /* Info.plist */,
			);
			path = ExampleClassApp;
			sourceTree = "<group>";
		};
		250673BD241D89EE004F622D /* Model */ = {
			isa = PBXGroup;
			children = (
				250673B9241D8805004F622D /* Person.swift */,
				250673BE241D8A9D004F622D /* Subject.swift */,
				250673BB241D8870004F622D /* SchoolClass.swift */,
			);
			path = Model;
			sourceTree = "<group>";
		};
		2593F8D8241DE28A0077914C /* Repository Layer */ = {
			isa = PBXGroup;
			children = (
				2593F8D9241DE8FC0077914C /* ClassRepository.swift */,
				2593F8DB241DE9A00077914C /* PeopleRepository.swift */,
				2593F8D6241DDE440077914C /* Repository.swift */,
				2593F8E5241DEB3C0077914C /* Protocols */,
			);
			path = "Repository Layer";
			sourceTree = "<group>";
		};
		2593F8E5241DEB3C0077914C /* Protocols */ = {
			isa = PBXGroup;
			children = (
				2593F8DD241DEAE10077914C /* ClassFetching.swift */,
				2593F8DF241DEAFA0077914C /* ClassUpdating.swift */,
				2593F8E1241DEB0B0077914C /* PeopleFetching.swift */,
				2593F8E3241DEB1A0077914C /* PeopleUpdating.swift */,
			);
			path = Protocols;
			sourceTree = "<group>";
		};
/* End PBXGroup section */

/* Begin PBXNativeTarget section */
		250673A1241D84D7004F622D /* ExampleClassApp */ = {
			isa = PBXNativeTarget;
			buildConfigurationList = 250673B6241D84D9004F622D /* Build configuration list for PBXNativeTarget "ExampleClassApp" */;
			buildPhases = (
				2506739E241D84D7004F622D /* Sources */,
				2506739F241D84D7004F622D /* Frameworks */,
				250673A0241D84D7004F622D /* Resources */,
			);
			buildRules = (
			);
			dependencies = (
			);
			name = ExampleClassApp;
			productName = ExampleClassApp;
			productReference = 250673A2241D84D7004F622D /* ExampleClassApp.app */;
			productType = "com.apple.product-type.application";
		};
/* End PBXNativeTarget section */

/* Begin PBXProject section */
		2506739A241D84D7004F622D /* Project object */ = {
			isa = PBXProject;
			attributes = {
				LastSwiftUpdateCheck = 1130;
				LastUpgradeCheck = 1130;
				ORGANIZATIONNAME = "Justin Gazlay";
				TargetAttributes = {
					250673A1241D84D7004F622D = {
						CreatedOnToolsVersion = 11.3.1;
					};
				};
			};
			buildConfigurationList = 2506739D241D84D7004F622D /* Build configuration list for PBXProject "ExampleClassApp" */;
			compatibilityVersion = "Xcode 9.3";
			developmentRegion = en;
			hasScannedForEncodings = 0;
			knownRegions = (
				en,
				Base,
			);
			mainGroup = 25067399241D84D7004F622D;
			productRefGroup = 250673A3241D84D7004F622D /* Products */;
			projectDirPath = "";
			projectRoot = "";
			targets = (
				250673A1241D84D7004F622D /* ExampleClassApp */,
			);
		};
/* End PBXProject section */

/* Begin PBXResourcesBuildPhase section */
		250673A0241D84D7004F622D /* Resources */ = {
			isa = PBXResourcesBuildPhase;
			buildActionMask = 2147483647;
			files = (
				250673B2241D84D9004F622D /* LaunchScreen.storyboard in Resources */,
				250673AF241D84D9004F622D /* Assets.xcassets in Resources */,
			);
			runOnlyForDeploymentPostprocessing = 0;
		};
/* End PBXResourcesBuildPhase section */

/* Begin PBXSourcesBuildPhase section */
		2506739E241D84D7004F622D /* Sources */ = {
			isa = PBXSourcesBuildPhase;
			buildActionMask = 2147483647;
			files = (
				2593F8D5241DCA520077914C /* PersonViewModel.swift in Sources */,
				250673BF241D8A9D004F622D /* Subject.swift in Sources */,
				2593F8D1241DC8D10077914C /* ClassViewController.swift in Sources */,
				2593F8D7241DDE440077914C /* Repository.swift in Sources */,
				250673AA241D84D7004F622D /* ClassesViewController.swift in Sources */,
				250673BC241D8870004F622D /* SchoolClass.swift in Sources */,
				250673A6241D84D7004F622D /* AppDelegate.swift in Sources */,
				2593F8EB241EA7330077914C /* ViewModelFactory.swift in Sources */,
				2593F8DC241DE9A00077914C /* PeopleRepository.swift in Sources */,
				2593F8CD241D94050077914C /* ClassTableViewCell.swift in Sources */,
				2593F8CB241D8CA60077914C /* ClassesViewModel.swift in Sources */,
				2593F8E4241DEB1A0077914C /* PeopleUpdating.swift in Sources */,
				2593F8E7241DEB940077914C /* EditClassViewModel.swift in Sources */,
				2593F8E2241DEB0B0077914C /* PeopleFetching.swift in Sources */,
				2593F8E0241DEAFA0077914C /* ClassUpdating.swift in Sources */,
				250673BA241D8805004F622D /* Person.swift in Sources */,
				2593F8E9241DEF110077914C /* EditClassViewController.swift in Sources */,
				2593F8DA241DE8FC0077914C /* ClassRepository.swift in Sources */,
				2593F8DE241DEAE10077914C /* ClassFetching.swift in Sources */,
				2593F8CF241DC65B0077914C /* ClassViewModel.swift in Sources */,
				2593F8D3241DCA290077914C /* StudentTableViewCell.swift in Sources */,
				250673A8241D84D7004F622D /* SceneDelegate.swift in Sources */,
			);
			runOnlyForDeploymentPostprocessing = 0;
		};
/* End PBXSourcesBuildPhase section */

/* Begin PBXVariantGroup section */
		250673B0241D84D9004F622D /* LaunchScreen.storyboard */ = {
			isa = PBXVariantGroup;
			children = (
				250673B1241D84D9004F622D /* Base */,
			);
			name = LaunchScreen.storyboard;
			sourceTree = "<group>";
		};
/* End PBXVariantGroup section */

/* Begin XCBuildConfiguration section */
		250673B4241D84D9004F622D /* Debug */ = {
			isa = XCBuildConfiguration;
			buildSettings = {
				ALWAYS_SEARCH_USER_PATHS = NO;
				CLANG_ANALYZER_NONNULL = YES;
				CLANG_ANALYZER_NUMBER_OBJECT_CONVERSION = YES_AGGRESSIVE;
				CLANG_CXX_LANGUAGE_STANDARD = "gnu++14";
				CLANG_CXX_LIBRARY = "libc++";
				CLANG_ENABLE_MODULES = YES;
				CLANG_ENABLE_OBJC_ARC = YES;
				CLANG_ENABLE_OBJC_WEAK = YES;
				CLANG_WARN_BLOCK_CAPTURE_AUTORELEASING = YES;
				CLANG_WARN_BOOL_CONVERSION = YES;
				CLANG_WARN_COMMA = YES;
				CLANG_WARN_CONSTANT_CONVERSION = YES;
				CLANG_WARN_DEPRECATED_OBJC_IMPLEMENTATIONS = YES;
				CLANG_WARN_DIRECT_OBJC_ISA_USAGE = YES_ERROR;
				CLANG_WARN_DOCUMENTATION_COMMENTS = YES;
				CLANG_WARN_EMPTY_BODY = YES;
				CLANG_WARN_ENUM_CONVERSION = YES;
				CLANG_WARN_INFINITE_RECURSION = YES;
				CLANG_WARN_INT_CONVERSION = YES;
				CLANG_WARN_NON_LITERAL_NULL_CONVERSION = YES;
				CLANG_WARN_OBJC_IMPLICIT_RETAIN_SELF = YES;
				CLANG_WARN_OBJC_LITERAL_CONVERSION = YES;
				CLANG_WARN_OBJC_ROOT_CLASS = YES_ERROR;
				CLANG_WARN_RANGE_LOOP_ANALYSIS = YES;
				CLANG_WARN_STRICT_PROTOTYPES = YES;
				CLANG_WARN_SUSPICIOUS_MOVE = YES;
				CLANG_WARN_UNGUARDED_AVAILABILITY = YES_AGGRESSIVE;
				CLANG_WARN_UNREACHABLE_CODE = YES;
				CLANG_WARN__DUPLICATE_METHOD_MATCH = YES;
				COPY_PHASE_STRIP = NO;
				DEBUG_INFORMATION_FORMAT = dwarf;
				ENABLE_STRICT_OBJC_MSGSEND = YES;
				ENABLE_TESTABILITY = YES;
				GCC_C_LANGUAGE_STANDARD = gnu11;
				GCC_DYNAMIC_NO_PIC = NO;
				GCC_NO_COMMON_BLOCKS = YES;
				GCC_OPTIMIZATION_LEVEL = 0;
				GCC_PREPROCESSOR_DEFINITIONS = (
					"DEBUG=1",
					"$(inherited)",
				);
				GCC_WARN_64_TO_32_BIT_CONVERSION = YES;
				GCC_WARN_ABOUT_RETURN_TYPE = YES_ERROR;
				GCC_WARN_UNDECLARED_SELECTOR = YES;
				GCC_WARN_UNINITIALIZED_AUTOS = YES_AGGRESSIVE;
				GCC_WARN_UNUSED_FUNCTION = YES;
				GCC_WARN_UNUSED_VARIABLE = YES;
				IPHONEOS_DEPLOYMENT_TARGET = 13.2;
				MTL_ENABLE_DEBUG_INFO = INCLUDE_SOURCE;
				MTL_FAST_MATH = YES;
				ONLY_ACTIVE_ARCH = YES;
				SDKROOT = iphoneos;
				SWIFT_ACTIVE_COMPILATION_CONDITIONS = DEBUG;
				SWIFT_OPTIMIZATION_LEVEL = "-Onone";
			};
			name = Debug;
		};
		250673B5241D84D9004F622D /* Release */ = {
			isa = XCBuildConfiguration;
			buildSettings = {
				ALWAYS_SEARCH_USER_PATHS = NO;
				CLANG_ANALYZER_NONNULL = YES;
				CLANG_ANALYZER_NUMBER_OBJECT_CONVERSION = YES_AGGRESSIVE;
				CLANG_CXX_LANGUAGE_STANDARD = "gnu++14";
				CLANG_CXX_LIBRARY = "libc++";
				CLANG_ENABLE_MODULES = YES;
				CLANG_ENABLE_OBJC_ARC = YES;
				CLANG_ENABLE_OBJC_WEAK = YES;
				CLANG_WARN_BLOCK_CAPTURE_AUTORELEASING = YES;
				CLANG_WARN_BOOL_CONVERSION = YES;
				CLANG_WARN_COMMA = YES;
				CLANG_WARN_CONSTANT_CONVERSION = YES;
				CLANG_WARN_DEPRECATED_OBJC_IMPLEMENTATIONS = YES;
				CLANG_WARN_DIRECT_OBJC_ISA_USAGE = YES_ERROR;
				CLANG_WARN_DOCUMENTATION_COMMENTS = YES;
				CLANG_WARN_EMPTY_BODY = YES;
				CLANG_WARN_ENUM_CONVERSION = YES;
				CLANG_WARN_INFINITE_RECURSION = YES;
				CLANG_WARN_INT_CONVERSION = YES;
				CLANG_WARN_NON_LITERAL_NULL_CONVERSION = YES;
				CLANG_WARN_OBJC_IMPLICIT_RETAIN_SELF = YES;
				CLANG_WARN_OBJC_LITERAL_CONVERSION = YES;
				CLANG_WARN_OBJC_ROOT_CLASS = YES_ERROR;
				CLANG_WARN_RANGE_LOOP_ANALYSIS = YES;
				CLANG_WARN_STRICT_PROTOTYPES = YES;
				CLANG_WARN_SUSPICIOUS_MOVE = YES;
				CLANG_WARN_UNGUARDED_AVAILABILITY = YES_AGGRESSIVE;
				CLANG_WARN_UNREACHABLE_CODE = YES;
				CLANG_WARN__DUPLICATE_METHOD_MATCH = YES;
				COPY_PHASE_STRIP = NO;
				DEBUG_INFORMATION_FORMAT = "dwarf-with-dsym";
				ENABLE_NS_ASSERTIONS = NO;
				ENABLE_STRICT_OBJC_MSGSEND = YES;
				GCC_C_LANGUAGE_STANDARD = gnu11;
				GCC_NO_COMMON_BLOCKS = YES;
				GCC_WARN_64_TO_32_BIT_CONVERSION = YES;
				GCC_WARN_ABOUT_RETURN_TYPE = YES_ERROR;
				GCC_WARN_UNDECLARED_SELECTOR = YES;
				GCC_WARN_UNINITIALIZED_AUTOS = YES_AGGRESSIVE;
				GCC_WARN_UNUSED_FUNCTION = YES;
				GCC_WARN_UNUSED_VARIABLE = YES;
				IPHONEOS_DEPLOYMENT_TARGET = 13.2;
				MTL_ENABLE_DEBUG_INFO = NO;
				MTL_FAST_MATH = YES;
				SDKROOT = iphoneos;
				SWIFT_COMPILATION_MODE = wholemodule;
				SWIFT_OPTIMIZATION_LEVEL = "-O";
				VALIDATE_PRODUCT = YES;
			};
			name = Release;
		};
		250673B7241D84D9004F622D /* Debug */ = {
			isa = XCBuildConfiguration;
			buildSettings = {
				ASSETCATALOG_COMPILER_APPICON_NAME = AppIcon;
				CODE_SIGN_STYLE = Automatic;
				DEVELOPMENT_TEAM = 35839478YR;
				INFOPLIST_FILE = ExampleClassApp/Info.plist;
				LD_RUNPATH_SEARCH_PATHS = (
					"$(inherited)",
					"@executable_path/Frameworks",
				);
				PRODUCT_BUNDLE_IDENTIFIER = edu.justingazlay.ExampleClassApp;
				PRODUCT_NAME = "$(TARGET_NAME)";
				SWIFT_VERSION = 5.0;
				TARGETED_DEVICE_FAMILY = "1,2";
			};
			name = Debug;
		};
		250673B8241D84D9004F622D /* Release */ = {
			isa = XCBuildConfiguration;
			buildSettings = {
				ASSETCATALOG_COMPILER_APPICON_NAME = AppIcon;
				CODE_SIGN_STYLE = Automatic;
				DEVELOPMENT_TEAM = 35839478YR;
				INFOPLIST_FILE = ExampleClassApp/Info.plist;
				LD_RUNPATH_SEARCH_PATHS = (
					"$(inherited)",
					"@executable_path/Frameworks",
				);
				PRODUCT_BUNDLE_IDENTIFIER = edu.justingazlay.ExampleClassApp;
				PRODUCT_NAME = "$(TARGET_NAME)";
				SWIFT_VERSION = 5.0;
				TARGETED_DEVICE_FAMILY = "1,2";
			};
			name = Release;
		};
/* End XCBuildConfiguration section */

/* Begin XCConfigurationList section */
		2506739D241D84D7004F622D /* Build configuration list for PBXProject "ExampleClassApp" */ = {
			isa = XCConfigurationList;
			buildConfigurations = (
				250673B4241D84D9004F622D /* Debug */,
				250673B5241D84D9004F622D /* Release */,
			);
			defaultConfigurationIsVisible = 0;
			defaultConfigurationName = Release;
		};
		250673B6241D84D9004F622D /* Build configuration list for PBXNativeTarget "ExampleClassApp" */ = {
			isa = XCConfigurationList;
			buildConfigurations = (
				250673B7241D84D9004F622D /* Debug */,
				250673B8241D84D9004F622D /* Release */,
			);
			defaultConfigurationIsVisible = 0;
			defaultConfigurationName = Release;
		};
/* End XCConfigurationList section */
	};
	rootObject = 2506739A241D84D7004F622D /* Project object */;
}
